// !$*UTF8*$!
{
	archiveVersion = 1;
	classes = {
	};
	objectVersion = 50;
	objects = {

/* Begin PBXBuildFile section */
		BB094F74240920C4000CFE60 /* RichTextViewController.m in Sources */ = {isa = PBXBuildFile; fileRef = BB094F73240920C4000CFE60 /* RichTextViewController.m */; };
		BB094F7724092172000CFE60 /* TrapezoidalTextViewController.m in Sources */ = {isa = PBXBuildFile; fileRef = BB094F7624092171000CFE60 /* TrapezoidalTextViewController.m */; };
		BB9F6B7E2381789100F05116 /* AppDelegate.m in Sources */ = {isa = PBXBuildFile; fileRef = BB9F6B7D2381789100F05116 /* AppDelegate.m */; };
		BB9F6B892381789300F05116 /* Assets.xcassets in Resources */ = {isa = PBXBuildFile; fileRef = BB9F6B882381789300F05116 /* Assets.xcassets */; };
		BB9F6B8F2381789300F05116 /* main.m in Sources */ = {isa = PBXBuildFile; fileRef = BB9F6B8E2381789300F05116 /* main.m */; };
		BB9F6B972381793900F05116 /* RootViewController.m in Sources */ = {isa = PBXBuildFile; fileRef = BB9F6B962381793900F05116 /* RootViewController.m */; };
		BB9F6BC523817A7400F05116 /* nezha@2x.png in Resources */ = {isa = PBXBuildFile; fileRef = BB9F6BAF23817A7400F05116 /* nezha@2x.png */; };
		BB9F6BC623817A7400F05116 /* nezha@3x.png in Resources */ = {isa = PBXBuildFile; fileRef = BB9F6BB023817A7400F05116 /* nezha@3x.png */; };
		BBB7BDB2241893E200347814 /* QATextRunDelegate.m in Sources */ = {isa = PBXBuildFile; fileRef = BBB7BD6B241893E200347814 /* QATextRunDelegate.m */; };
		BBB7BDB3241893E200347814 /* QAAttributedLayer.m in Sources */ = {isa = PBXBuildFile; fileRef = BBB7BD6D241893E200347814 /* QAAttributedLayer.m */; };
		BBB7BDB4241893E200347814 /* NSData+Md5.m in Sources */ = {isa = PBXBuildFile; fileRef = BBB7BD70241893E200347814 /* NSData+Md5.m */; };
		BBB7BDB5241893E200347814 /* NSString+Md5.m in Sources */ = {isa = PBXBuildFile; fileRef = BBB7BD73241893E200347814 /* NSString+Md5.m */; };
		BBB7BDB6241893E200347814 /* UIImage+QACutImage.m in Sources */ = {isa = PBXBuildFile; fileRef = BBB7BD74241893E200347814 /* UIImage+QACutImage.m */; };
		BBB7BDB7241893E200347814 /* NSString+QAReplace.m in Sources */ = {isa = PBXBuildFile; fileRef = BBB7BD78241893E200347814 /* NSString+QAReplace.m */; };
		BBB7BDB8241893E200347814 /* UIImage+DecodeImage.m in Sources */ = {isa = PBXBuildFile; fileRef = BBB7BD79241893E200347814 /* UIImage+DecodeImage.m */; };
		BBB7BDB9241893E200347814 /* NSMutableAttributedString+QAAttributedString.m in Sources */ = {isa = PBXBuildFile; fileRef = BBB7BD7B241893E200347814 /* NSMutableAttributedString+QAAttributedString.m */; };
		BBB7BDBA241893E200347814 /* emoji_default@3x.png in Resources */ = {isa = PBXBuildFile; fileRef = BBB7BD7E241893E200347814 /* emoji_default@3x.png */; };
		BBB7BDBB241893E200347814 /* emoji_default@2x.png in Resources */ = {isa = PBXBuildFile; fileRef = BBB7BD7F241893E200347814 /* emoji_default@2x.png */; };
		BBB7BDBC241893E200347814 /* QAAttributedLabel.m in Sources */ = {isa = PBXBuildFile; fileRef = BBB7BD80241893E200347814 /* QAAttributedLabel.m */; };
		BBB7BDBD241893E200347814 /* QATextDraw.m in Sources */ = {isa = PBXBuildFile; fileRef = BBB7BD83241893E200347814 /* QATextDraw.m */; };
		BBB7BDBE241893E200347814 /* QAHighlightTextManager.m in Sources */ = {isa = PBXBuildFile; fileRef = BBB7BD85241893E200347814 /* QAHighlightTextManager.m */; };
		BBB7BDBF241893E200347814 /* QAEmojiTextManager.m in Sources */ = {isa = PBXBuildFile; fileRef = BBB7BD88241893E200347814 /* QAEmojiTextManager.m */; };
		BBB7BDC0241893E200347814 /* QABackgroundDraw.m in Sources */ = {isa = PBXBuildFile; fileRef = BBB7BD8B241893E200347814 /* QABackgroundDraw.m */; };
		BBB7BDC1241893E200347814 /* QATextLayout.m in Sources */ = {isa = PBXBuildFile; fileRef = BBB7BD8C241893E200347814 /* QATextLayout.m */; };
		BBB7BDC2241893E200347814 /* QATextTransaction.m in Sources */ = {isa = PBXBuildFile; fileRef = BBB7BD8D241893E200347814 /* QATextTransaction.m */; };
		BBB7BDC3241893E200347814 /* QAAttributedStringSizeMeasurement.m in Sources */ = {isa = PBXBuildFile; fileRef = BBB7BD90241893E200347814 /* QAAttributedStringSizeMeasurement.m */; };
		BBB7BDC4241893E200347814 /* QATrapezoidalDraw.m in Sources */ = {isa = PBXBuildFile; fileRef = BBB7BD95241893E200347814 /* QATrapezoidalDraw.m */; };
		BBB7BDC5241893E200347814 /* QATrapezoidalLabel.m in Sources */ = {isa = PBXBuildFile; fileRef = BBB7BD96241893E200347814 /* QATrapezoidalLabel.m */; };
		BBB7BDC6241893E200347814 /* QATrapezoidalLayer.m in Sources */ = {isa = PBXBuildFile; fileRef = BBB7BD98241893E200347814 /* QATrapezoidalLayer.m */; };
		BBB7BDC7241893E200347814 /* QARichTextLayer.m in Sources */ = {isa = PBXBuildFile; fileRef = BBB7BD9A241893E200347814 /* QARichTextLayer.m */; };
		BBB7BDC8241893E200347814 /* QARichTextLabel.m in Sources */ = {isa = PBXBuildFile; fileRef = BBB7BD9B241893E200347814 /* QARichTextLabel.m */; };
		BBB7BDC9241893E200347814 /* QARichTextDraw.m in Sources */ = {isa = PBXBuildFile; fileRef = BBB7BD9C241893E200347814 /* QARichTextDraw.m */; };
		BBB7BDCA241893E200347814 /* NSData+Md5.m in Sources */ = {isa = PBXBuildFile; fileRef = BBB7BDA4241893E200347814 /* NSData+Md5.m */; };
		BBB7BDCB241893E200347814 /* NSString+Md5.m in Sources */ = {isa = PBXBuildFile; fileRef = BBB7BDA7241893E200347814 /* NSString+Md5.m */; };
		BBB7BDCC241893E200347814 /* QAFastImageDiskCache.m in Sources */ = {isa = PBXBuildFile; fileRef = BBB7BDA8241893E200347814 /* QAFastImageDiskCache.m */; };
		BBB7BDCD241893E200347814 /* QAImageFormat.m in Sources */ = {isa = PBXBuildFile; fileRef = BBB7BDA9241893E200347814 /* QAImageFormat.m */; };
		BBB7BDCE241893E200347814 /* QAImageCachePath.m in Sources */ = {isa = PBXBuildFile; fileRef = BBB7BDAB241893E200347814 /* QAImageCachePath.m */; };
		BBB7BDCF241893E200347814 /* QAImageFileManager.m in Sources */ = {isa = PBXBuildFile; fileRef = BBB7BDAD241893E200347814 /* QAImageFileManager.m */; };
/* End PBXBuildFile section */

/* Begin PBXFileReference section */
		BB094F72240920C4000CFE60 /* RichTextViewController.h */ = {isa = PBXFileReference; lastKnownFileType = sourcecode.c.h; path = RichTextViewController.h; sourceTree = "<group>"; };
		BB094F73240920C4000CFE60 /* RichTextViewController.m */ = {isa = PBXFileReference; lastKnownFileType = sourcecode.c.objc; path = RichTextViewController.m; sourceTree = "<group>"; };
		BB094F7524092171000CFE60 /* TrapezoidalTextViewController.h */ = {isa = PBXFileReference; lastKnownFileType = sourcecode.c.h; path = TrapezoidalTextViewController.h; sourceTree = "<group>"; };
		BB094F7624092171000CFE60 /* TrapezoidalTextViewController.m */ = {isa = PBXFileReference; lastKnownFileType = sourcecode.c.objc; path = TrapezoidalTextViewController.m; sourceTree = "<group>"; };
		BB9F6B792381789100F05116 /* CoreText.app */ = {isa = PBXFileReference; explicitFileType = wrapper.application; includeInIndex = 0; path = CoreText.app; sourceTree = BUILT_PRODUCTS_DIR; };
		BB9F6B7C2381789100F05116 /* AppDelegate.h */ = {isa = PBXFileReference; lastKnownFileType = sourcecode.c.h; path = AppDelegate.h; sourceTree = "<group>"; };
		BB9F6B7D2381789100F05116 /* AppDelegate.m */ = {isa = PBXFileReference; lastKnownFileType = sourcecode.c.objc; path = AppDelegate.m; sourceTree = "<group>"; };
		BB9F6B882381789300F05116 /* Assets.xcassets */ = {isa = PBXFileReference; lastKnownFileType = folder.assetcatalog; path = Assets.xcassets; sourceTree = "<group>"; };
		BB9F6B8D2381789300F05116 /* Info.plist */ = {isa = PBXFileReference; lastKnownFileType = text.plist.xml; path = Info.plist; sourceTree = "<group>"; };
		BB9F6B8E2381789300F05116 /* main.m */ = {isa = PBXFileReference; lastKnownFileType = sourcecode.c.objc; path = main.m; sourceTree = "<group>"; };
		BB9F6B952381793900F05116 /* RootViewController.h */ = {isa = PBXFileReference; lastKnownFileType = sourcecode.c.h; path = RootViewController.h; sourceTree = "<group>"; };
		BB9F6B962381793900F05116 /* RootViewController.m */ = {isa = PBXFileReference; lastKnownFileType = sourcecode.c.objc; path = RootViewController.m; sourceTree = "<group>"; };
		BB9F6BAF23817A7400F05116 /* nezha@2x.png */ = {isa = PBXFileReference; lastKnownFileType = image.png; path = "nezha@2x.png"; sourceTree = "<group>"; };
		BB9F6BB023817A7400F05116 /* nezha@3x.png */ = {isa = PBXFileReference; lastKnownFileType = image.png; path = "nezha@3x.png"; sourceTree = "<group>"; };
		BBB7BD6B241893E200347814 /* QATextRunDelegate.m */ = {isa = PBXFileReference; fileEncoding = 4; lastKnownFileType = sourcecode.c.objc; path = QATextRunDelegate.m; sourceTree = "<group>"; };
		BBB7BD6C241893E200347814 /* QATextDraw.h */ = {isa = PBXFileReference; fileEncoding = 4; lastKnownFileType = sourcecode.c.h; path = QATextDraw.h; sourceTree = "<group>"; };
		BBB7BD6D241893E200347814 /* QAAttributedLayer.m */ = {isa = PBXFileReference; fileEncoding = 4; lastKnownFileType = sourcecode.c.objc; path = QAAttributedLayer.m; sourceTree = "<group>"; };
		BBB7BD70241893E200347814 /* NSData+Md5.m */ = {isa = PBXFileReference; fileEncoding = 4; lastKnownFileType = sourcecode.c.objc; path = "NSData+Md5.m"; sourceTree = "<group>"; };
		BBB7BD71241893E200347814 /* NSString+Md5.h */ = {isa = PBXFileReference; fileEncoding = 4; lastKnownFileType = sourcecode.c.h; path = "NSString+Md5.h"; sourceTree = "<group>"; };
		BBB7BD72241893E200347814 /* NSData+Md5.h */ = {isa = PBXFileReference; fileEncoding = 4; lastKnownFileType = sourcecode.c.h; path = "NSData+Md5.h"; sourceTree = "<group>"; };
		BBB7BD73241893E200347814 /* NSString+Md5.m */ = {isa = PBXFileReference; fileEncoding = 4; lastKnownFileType = sourcecode.c.objc; path = "NSString+Md5.m"; sourceTree = "<group>"; };
		BBB7BD74241893E200347814 /* UIImage+QACutImage.m */ = {isa = PBXFileReference; fileEncoding = 4; lastKnownFileType = sourcecode.c.objc; path = "UIImage+QACutImage.m"; sourceTree = "<group>"; };
		BBB7BD75241893E200347814 /* UIImage+DecodeImage.h */ = {isa = PBXFileReference; fileEncoding = 4; lastKnownFileType = sourcecode.c.h; path = "UIImage+DecodeImage.h"; sourceTree = "<group>"; };
		BBB7BD76241893E200347814 /* NSString+QAReplace.h */ = {isa = PBXFileReference; fileEncoding = 4; lastKnownFileType = sourcecode.c.h; path = "NSString+QAReplace.h"; sourceTree = "<group>"; };
		BBB7BD77241893E200347814 /* NSMutableAttributedString+QAAttributedString.h */ = {isa = PBXFileReference; fileEncoding = 4; lastKnownFileType = sourcecode.c.h; path = "NSMutableAttributedString+QAAttributedString.h"; sourceTree = "<group>"; };
		BBB7BD78241893E200347814 /* NSString+QAReplace.m */ = {isa = PBXFileReference; fileEncoding = 4; lastKnownFileType = sourcecode.c.objc; path = "NSString+QAReplace.m"; sourceTree = "<group>"; };
		BBB7BD79241893E200347814 /* UIImage+DecodeImage.m */ = {isa = PBXFileReference; fileEncoding = 4; lastKnownFileType = sourcecode.c.objc; path = "UIImage+DecodeImage.m"; sourceTree = "<group>"; };
		BBB7BD7A241893E200347814 /* UIImage+QACutImage.h */ = {isa = PBXFileReference; fileEncoding = 4; lastKnownFileType = sourcecode.c.h; path = "UIImage+QACutImage.h"; sourceTree = "<group>"; };
		BBB7BD7B241893E200347814 /* NSMutableAttributedString+QAAttributedString.m */ = {isa = PBXFileReference; fileEncoding = 4; lastKnownFileType = sourcecode.c.objc; path = "NSMutableAttributedString+QAAttributedString.m"; sourceTree = "<group>"; };
		BBB7BD7C241893E200347814 /* QABackgroundDraw.h */ = {isa = PBXFileReference; fileEncoding = 4; lastKnownFileType = sourcecode.c.h; path = QABackgroundDraw.h; sourceTree = "<group>"; };
		BBB7BD7E241893E200347814 /* emoji_default@3x.png */ = {isa = PBXFileReference; lastKnownFileType = image.png; path = "emoji_default@3x.png"; sourceTree = "<group>"; };
		BBB7BD7F241893E200347814 /* emoji_default@2x.png */ = {isa = PBXFileReference; lastKnownFileType = image.png; path = "emoji_default@2x.png"; sourceTree = "<group>"; };
		BBB7BD80241893E200347814 /* QAAttributedLabel.m */ = {isa = PBXFileReference; fileEncoding = 4; lastKnownFileType = sourcecode.c.objc; path = QAAttributedLabel.m; sourceTree = "<group>"; };
		BBB7BD81241893E200347814 /* QATextTransaction.h */ = {isa = PBXFileReference; fileEncoding = 4; lastKnownFileType = sourcecode.c.h; path = QATextTransaction.h; sourceTree = "<group>"; };
		BBB7BD82241893E200347814 /* QATextLayout.h */ = {isa = PBXFileReference; fileEncoding = 4; lastKnownFileType = sourcecode.c.h; path = QATextLayout.h; sourceTree = "<group>"; };
		BBB7BD83241893E200347814 /* QATextDraw.m */ = {isa = PBXFileReference; fileEncoding = 4; lastKnownFileType = sourcecode.c.objc; path = QATextDraw.m; sourceTree = "<group>"; };
		BBB7BD85241893E200347814 /* QAHighlightTextManager.m */ = {isa = PBXFileReference; fileEncoding = 4; lastKnownFileType = sourcecode.c.objc; path = QAHighlightTextManager.m; sourceTree = "<group>"; };
		BBB7BD86241893E200347814 /* QAEmojiTextManager.h */ = {isa = PBXFileReference; fileEncoding = 4; lastKnownFileType = sourcecode.c.h; path = QAEmojiTextManager.h; sourceTree = "<group>"; };
		BBB7BD87241893E200347814 /* QAHighlightTextManager.h */ = {isa = PBXFileReference; fileEncoding = 4; lastKnownFileType = sourcecode.c.h; path = QAHighlightTextManager.h; sourceTree = "<group>"; };
		BBB7BD88241893E200347814 /* QAEmojiTextManager.m */ = {isa = PBXFileReference; fileEncoding = 4; lastKnownFileType = sourcecode.c.objc; path = QAEmojiTextManager.m; sourceTree = "<group>"; };
		BBB7BD89241893E200347814 /* QATextRunDelegate.h */ = {isa = PBXFileReference; fileEncoding = 4; lastKnownFileType = sourcecode.c.h; path = QATextRunDelegate.h; sourceTree = "<group>"; };
		BBB7BD8A241893E200347814 /* QAAttributedLayer.h */ = {isa = PBXFileReference; fileEncoding = 4; lastKnownFileType = sourcecode.c.h; path = QAAttributedLayer.h; sourceTree = "<group>"; };
		BBB7BD8B241893E200347814 /* QABackgroundDraw.m */ = {isa = PBXFileReference; fileEncoding = 4; lastKnownFileType = sourcecode.c.objc; path = QABackgroundDraw.m; sourceTree = "<group>"; };
		BBB7BD8C241893E200347814 /* QATextLayout.m */ = {isa = PBXFileReference; fileEncoding = 4; lastKnownFileType = sourcecode.c.objc; path = QATextLayout.m; sourceTree = "<group>"; };
		BBB7BD8D241893E200347814 /* QATextTransaction.m */ = {isa = PBXFileReference; fileEncoding = 4; lastKnownFileType = sourcecode.c.objc; path = QATextTransaction.m; sourceTree = "<group>"; };
		BBB7BD8E241893E200347814 /* QAAttributedLabel.h */ = {isa = PBXFileReference; fileEncoding = 4; lastKnownFileType = sourcecode.c.h; path = QAAttributedLabel.h; sourceTree = "<group>"; };
		BBB7BD90241893E200347814 /* QAAttributedStringSizeMeasurement.m */ = {isa = PBXFileReference; fileEncoding = 4; lastKnownFileType = sourcecode.c.objc; path = QAAttributedStringSizeMeasurement.m; sourceTree = "<group>"; };
		BBB7BD91241893E200347814 /* QAAttributedStringSizeMeasurement.h */ = {isa = PBXFileReference; fileEncoding = 4; lastKnownFileType = sourcecode.c.h; path = QAAttributedStringSizeMeasurement.h; sourceTree = "<group>"; };
		BBB7BD93241893E200347814 /* QATrapezoidalLabel.h */ = {isa = PBXFileReference; fileEncoding = 4; lastKnownFileType = sourcecode.c.h; path = QATrapezoidalLabel.h; sourceTree = "<group>"; };
		BBB7BD94241893E200347814 /* QATrapezoidalLayer.h */ = {isa = PBXFileReference; fileEncoding = 4; lastKnownFileType = sourcecode.c.h; path = QATrapezoidalLayer.h; sourceTree = "<group>"; };
		BBB7BD95241893E200347814 /* QATrapezoidalDraw.m */ = {isa = PBXFileReference; fileEncoding = 4; lastKnownFileType = sourcecode.c.objc; path = QATrapezoidalDraw.m; sourceTree = "<group>"; };
		BBB7BD96241893E200347814 /* QATrapezoidalLabel.m */ = {isa = PBXFileReference; fileEncoding = 4; lastKnownFileType = sourcecode.c.objc; path = QATrapezoidalLabel.m; sourceTree = "<group>"; };
		BBB7BD97241893E200347814 /* QATrapezoidalDraw.h */ = {isa = PBXFileReference; fileEncoding = 4; lastKnownFileType = sourcecode.c.h; path = QATrapezoidalDraw.h; sourceTree = "<group>"; };
		BBB7BD98241893E200347814 /* QATrapezoidalLayer.m */ = {isa = PBXFileReference; fileEncoding = 4; lastKnownFileType = sourcecode.c.objc; path = QATrapezoidalLayer.m; sourceTree = "<group>"; };
		BBB7BD9A241893E200347814 /* QARichTextLayer.m */ = {isa = PBXFileReference; fileEncoding = 4; lastKnownFileType = sourcecode.c.objc; path = QARichTextLayer.m; sourceTree = "<group>"; };
		BBB7BD9B241893E200347814 /* QARichTextLabel.m */ = {isa = PBXFileReference; fileEncoding = 4; lastKnownFileType = sourcecode.c.objc; path = QARichTextLabel.m; sourceTree = "<group>"; };
		BBB7BD9C241893E200347814 /* QARichTextDraw.m */ = {isa = PBXFileReference; fileEncoding = 4; lastKnownFileType = sourcecode.c.objc; path = QARichTextDraw.m; sourceTree = "<group>"; };
		BBB7BD9D241893E200347814 /* QARichTextLayer.h */ = {isa = PBXFileReference; fileEncoding = 4; lastKnownFileType = sourcecode.c.h; path = QARichTextLayer.h; sourceTree = "<group>"; };
		BBB7BD9E241893E200347814 /* QARichTextLabel.h */ = {isa = PBXFileReference; fileEncoding = 4; lastKnownFileType = sourcecode.c.h; path = QARichTextLabel.h; sourceTree = "<group>"; };
		BBB7BD9F241893E200347814 /* QARichTextDraw.h */ = {isa = PBXFileReference; fileEncoding = 4; lastKnownFileType = sourcecode.c.h; path = QARichTextDraw.h; sourceTree = "<group>"; };
		BBB7BDA1241893E200347814 /* QAAttributedLabelConfig.h */ = {isa = PBXFileReference; fileEncoding = 4; lastKnownFileType = sourcecode.c.h; path = QAAttributedLabelConfig.h; sourceTree = "<group>"; };
		BBB7BDA4241893E200347814 /* NSData+Md5.m */ = {isa = PBXFileReference; fileEncoding = 4; lastKnownFileType = sourcecode.c.objc; path = "NSData+Md5.m"; sourceTree = "<group>"; };
		BBB7BDA5241893E200347814 /* NSString+Md5.h */ = {isa = PBXFileReference; fileEncoding = 4; lastKnownFileType = sourcecode.c.h; path = "NSString+Md5.h"; sourceTree = "<group>"; };
		BBB7BDA6241893E200347814 /* NSData+Md5.h */ = {isa = PBXFileReference; fileEncoding = 4; lastKnownFileType = sourcecode.c.h; path = "NSData+Md5.h"; sourceTree = "<group>"; };
		BBB7BDA7241893E200347814 /* NSString+Md5.m */ = {isa = PBXFileReference; fileEncoding = 4; lastKnownFileType = sourcecode.c.objc; path = "NSString+Md5.m"; sourceTree = "<group>"; };
		BBB7BDA8241893E200347814 /* QAFastImageDiskCache.m */ = {isa = PBXFileReference; fileEncoding = 4; lastKnownFileType = sourcecode.c.objc; path = QAFastImageDiskCache.m; sourceTree = "<group>"; };
		BBB7BDA9241893E200347814 /* QAImageFormat.m */ = {isa = PBXFileReference; fileEncoding = 4; lastKnownFileType = sourcecode.c.objc; path = QAImageFormat.m; sourceTree = "<group>"; };
		BBB7BDAA241893E200347814 /* QAImageFileManager.h */ = {isa = PBXFileReference; fileEncoding = 4; lastKnownFileType = sourcecode.c.h; path = QAImageFileManager.h; sourceTree = "<group>"; };
		BBB7BDAB241893E200347814 /* QAImageCachePath.m */ = {isa = PBXFileReference; fileEncoding = 4; lastKnownFileType = sourcecode.c.objc; path = QAImageCachePath.m; sourceTree = "<group>"; };
		BBB7BDAC241893E200347814 /* QAFastImageDiskCache.h */ = {isa = PBXFileReference; fileEncoding = 4; lastKnownFileType = sourcecode.c.h; path = QAFastImageDiskCache.h; sourceTree = "<group>"; };
		BBB7BDAD241893E200347814 /* QAImageFileManager.m */ = {isa = PBXFileReference; fileEncoding = 4; lastKnownFileType = sourcecode.c.objc; path = QAImageFileManager.m; sourceTree = "<group>"; };
		BBB7BDAE241893E200347814 /* QAImageFormat.h */ = {isa = PBXFileReference; fileEncoding = 4; lastKnownFileType = sourcecode.c.h; path = QAImageFormat.h; sourceTree = "<group>"; };
		BBB7BDAF241893E200347814 /* QAImageCachePath.h */ = {isa = PBXFileReference; fileEncoding = 4; lastKnownFileType = sourcecode.c.h; path = QAImageCachePath.h; sourceTree = "<group>"; };
		BBB7BDB0241893E200347814 /* QAFastImageDiskCacheConfig.h */ = {isa = PBXFileReference; fileEncoding = 4; lastKnownFileType = sourcecode.c.h; path = QAFastImageDiskCacheConfig.h; sourceTree = "<group>"; };
/* End PBXFileReference section */

/* Begin PBXFrameworksBuildPhase section */
		BB9F6B762381789100F05116 /* Frameworks */ = {
			isa = PBXFrameworksBuildPhase;
			buildActionMask = 2147483647;
			files = (
			);
			runOnlyForDeploymentPostprocessing = 0;
		};
/* End PBXFrameworksBuildPhase section */

/* Begin PBXGroup section */
		BB9F6B702381789100F05116 = {
			isa = PBXGroup;
			children = (
				BB9F6B7B2381789100F05116 /* CoreText */,
				BB9F6B7A2381789100F05116 /* Products */,
			);
			sourceTree = "<group>";
		};
		BB9F6B7A2381789100F05116 /* Products */ = {
			isa = PBXGroup;
			children = (
				BB9F6B792381789100F05116 /* CoreText.app */,
			);
			name = Products;
			sourceTree = "<group>";
		};
		BB9F6B7B2381789100F05116 /* CoreText */ = {
			isa = PBXGroup;
			children = (
				BB9F6B7C2381789100F05116 /* AppDelegate.h */,
				BB9F6B7D2381789100F05116 /* AppDelegate.m */,
				BB9F6B952381793900F05116 /* RootViewController.h */,
				BB9F6B962381793900F05116 /* RootViewController.m */,
				BB094F72240920C4000CFE60 /* RichTextViewController.h */,
				BB094F73240920C4000CFE60 /* RichTextViewController.m */,
				BB094F7524092171000CFE60 /* TrapezoidalTextViewController.h */,
				BB094F7624092171000CFE60 /* TrapezoidalTextViewController.m */,
				BBB7BD68241893E200347814 /* QAAttributedLabel */,
				BB9F6B9823817A7400F05116 /* Resources */,
				BB9F6B882381789300F05116 /* Assets.xcassets */,
				BB9F6B8D2381789300F05116 /* Info.plist */,
				BB9F6B8E2381789300F05116 /* main.m */,
			);
			path = CoreText;
			sourceTree = "<group>";
		};
		BB9F6B9823817A7400F05116 /* Resources */ = {
			isa = PBXGroup;
			children = (
				BB9F6BAF23817A7400F05116 /* nezha@2x.png */,
				BB9F6BB023817A7400F05116 /* nezha@3x.png */,
			);
			path = Resources;
			sourceTree = "<group>";
		};
		BBB7BD68241893E200347814 /* QAAttributedLabel */ = {
			isa = PBXGroup;
			children = (
				BBB7BDA1241893E200347814 /* QAAttributedLabelConfig.h */,
				BBB7BD6A241893E200347814 /* BaseClasses */,
				BBB7BDA2241893E200347814 /* MmapClasses */,
				BBB7BD99241893E200347814 /* QARichTextLabel */,
				BBB7BD92241893E200347814 /* TrapezoidalLabel */,
			);
			path = QAAttributedLabel;
			sourceTree = "<group>";
		};
		BBB7BD6A241893E200347814 /* BaseClasses */ = {
			isa = PBXGroup;
			children = (
				BBB7BD6E241893E200347814 /* Category */,
				BBB7BD84241893E200347814 /* Manager */,
				BBB7BD8E241893E200347814 /* QAAttributedLabel.h */,
				BBB7BD80241893E200347814 /* QAAttributedLabel.m */,
				BBB7BD8A241893E200347814 /* QAAttributedLayer.h */,
				BBB7BD6D241893E200347814 /* QAAttributedLayer.m */,
				BBB7BD7C241893E200347814 /* QABackgroundDraw.h */,
				BBB7BD8B241893E200347814 /* QABackgroundDraw.m */,
				BBB7BD6C241893E200347814 /* QATextDraw.h */,
				BBB7BD83241893E200347814 /* QATextDraw.m */,
				BBB7BD82241893E200347814 /* QATextLayout.h */,
				BBB7BD8C241893E200347814 /* QATextLayout.m */,
				BBB7BD89241893E200347814 /* QATextRunDelegate.h */,
				BBB7BD6B241893E200347814 /* QATextRunDelegate.m */,
				BBB7BD81241893E200347814 /* QATextTransaction.h */,
				BBB7BD8D241893E200347814 /* QATextTransaction.m */,
				BBB7BD7D241893E200347814 /* Resources */,
				BBB7BD8F241893E200347814 /* Utility */,
			);
			path = BaseClasses;
			sourceTree = "<group>";
		};
		BBB7BD6E241893E200347814 /* Category */ = {
			isa = PBXGroup;
			children = (
				BBB7BD6F241893E200347814 /* Md5 */,
				BBB7BD74241893E200347814 /* UIImage+QACutImage.m */,
				BBB7BD75241893E200347814 /* UIImage+DecodeImage.h */,
				BBB7BD76241893E200347814 /* NSString+QAReplace.h */,
				BBB7BD77241893E200347814 /* NSMutableAttributedString+QAAttributedString.h */,
				BBB7BD78241893E200347814 /* NSString+QAReplace.m */,
				BBB7BD79241893E200347814 /* UIImage+DecodeImage.m */,
				BBB7BD7A241893E200347814 /* UIImage+QACutImage.h */,
				BBB7BD7B241893E200347814 /* NSMutableAttributedString+QAAttributedString.m */,
			);
			path = Category;
			sourceTree = "<group>";
		};
		BBB7BD6F241893E200347814 /* Md5 */ = {
			isa = PBXGroup;
			children = (
				BBB7BD70241893E200347814 /* NSData+Md5.m */,
				BBB7BD71241893E200347814 /* NSString+Md5.h */,
				BBB7BD72241893E200347814 /* NSData+Md5.h */,
				BBB7BD73241893E200347814 /* NSString+Md5.m */,
			);
			path = Md5;
			sourceTree = "<group>";
		};
		BBB7BD7D241893E200347814 /* Resources */ = {
			isa = PBXGroup;
			children = (
				BBB7BD7E241893E200347814 /* emoji_default@3x.png */,
				BBB7BD7F241893E200347814 /* emoji_default@2x.png */,
			);
			path = Resources;
			sourceTree = "<group>";
		};
		BBB7BD84241893E200347814 /* Manager */ = {
			isa = PBXGroup;
			children = (
				BBB7BD85241893E200347814 /* QAHighlightTextManager.m */,
				BBB7BD86241893E200347814 /* QAEmojiTextManager.h */,
				BBB7BD87241893E200347814 /* QAHighlightTextManager.h */,
				BBB7BD88241893E200347814 /* QAEmojiTextManager.m */,
			);
			path = Manager;
			sourceTree = "<group>";
		};
		BBB7BD8F241893E200347814 /* Utility */ = {
			isa = PBXGroup;
			children = (
				BBB7BD90241893E200347814 /* QAAttributedStringSizeMeasurement.m */,
				BBB7BD91241893E200347814 /* QAAttributedStringSizeMeasurement.h */,
			);
			path = Utility;
			sourceTree = "<group>";
		};
		BBB7BD92241893E200347814 /* TrapezoidalLabel */ = {
			isa = PBXGroup;
			children = (
				BBB7BD97241893E200347814 /* QATrapezoidalDraw.h */,
				BBB7BD95241893E200347814 /* QATrapezoidalDraw.m */,
				BBB7BD93241893E200347814 /* QATrapezoidalLabel.h */,
				BBB7BD96241893E200347814 /* QATrapezoidalLabel.m */,
				BBB7BD94241893E200347814 /* QATrapezoidalLayer.h */,
				BBB7BD98241893E200347814 /* QATrapezoidalLayer.m */,
			);
			path = TrapezoidalLabel;
			sourceTree = "<group>";
		};
		BBB7BD99241893E200347814 /* QARichTextLabel */ = {
			isa = PBXGroup;
			children = (
				BBB7BD9F241893E200347814 /* QARichTextDraw.h */,
				BBB7BD9C241893E200347814 /* QARichTextDraw.m */,
				BBB7BD9E241893E200347814 /* QARichTextLabel.h */,
				BBB7BD9B241893E200347814 /* QARichTextLabel.m */,
				BBB7BD9D241893E200347814 /* QARichTextLayer.h */,
				BBB7BD9A241893E200347814 /* QARichTextLayer.m */,
			);
			path = QARichTextLabel;
			sourceTree = "<group>";
		};
		BBB7BDA2241893E200347814 /* MmapClasses */ = {
			isa = PBXGroup;
			children = (
				BBB7BDA3241893E200347814 /* Md5 */,
				BBB7BDA8241893E200347814 /* QAFastImageDiskCache.m */,
				BBB7BDA9241893E200347814 /* QAImageFormat.m */,
				BBB7BDAA241893E200347814 /* QAImageFileManager.h */,
				BBB7BDAB241893E200347814 /* QAImageCachePath.m */,
				BBB7BDAC241893E200347814 /* QAFastImageDiskCache.h */,
				BBB7BDAD241893E200347814 /* QAImageFileManager.m */,
				BBB7BDAE241893E200347814 /* QAImageFormat.h */,
				BBB7BDAF241893E200347814 /* QAImageCachePath.h */,
				BBB7BDB0241893E200347814 /* QAFastImageDiskCacheConfig.h */,
			);
			path = MmapClasses;
			sourceTree = "<group>";
		};
		BBB7BDA3241893E200347814 /* Md5 */ = {
			isa = PBXGroup;
			children = (
				BBB7BDA4241893E200347814 /* NSData+Md5.m */,
				BBB7BDA5241893E200347814 /* NSString+Md5.h */,
				BBB7BDA6241893E200347814 /* NSData+Md5.h */,
				BBB7BDA7241893E200347814 /* NSString+Md5.m */,
			);
			path = Md5;
			sourceTree = "<group>";
		};
/* End PBXGroup section */

/* Begin PBXNativeTarget section */
		BB9F6B782381789100F05116 /* CoreText */ = {
			isa = PBXNativeTarget;
			buildConfigurationList = BB9F6B922381789300F05116 /* Build configuration list for PBXNativeTarget "CoreText" */;
			buildPhases = (
				BB9F6B752381789100F05116 /* Sources */,
				BB9F6B762381789100F05116 /* Frameworks */,
				BB9F6B772381789100F05116 /* Resources */,
			);
			buildRules = (
			);
			dependencies = (
			);
			name = CoreText;
			productName = CoreText;
			productReference = BB9F6B792381789100F05116 /* CoreText.app */;
			productType = "com.apple.product-type.application";
		};
/* End PBXNativeTarget section */

/* Begin PBXProject section */
		BB9F6B712381789100F05116 /* Project object */ = {
			isa = PBXProject;
			attributes = {
				LastUpgradeCheck = 1120;
				ORGANIZATIONNAME = Avery;
				TargetAttributes = {
					BB9F6B782381789100F05116 = {
						CreatedOnToolsVersion = 11.2;
					};
				};
			};
			buildConfigurationList = BB9F6B742381789100F05116 /* Build configuration list for PBXProject "CoreText" */;
			compatibilityVersion = "Xcode 9.3";
			developmentRegion = en;
			hasScannedForEncodings = 0;
			knownRegions = (
				en,
				Base,
			);
			mainGroup = BB9F6B702381789100F05116;
			productRefGroup = BB9F6B7A2381789100F05116 /* Products */;
			projectDirPath = "";
			projectRoot = "";
			targets = (
				BB9F6B782381789100F05116 /* CoreText */,
			);
		};
/* End PBXProject section */

/* Begin PBXResourcesBuildPhase section */
		BB9F6B772381789100F05116 /* Resources */ = {
			isa = PBXResourcesBuildPhase;
			buildActionMask = 2147483647;
			files = (
				BB9F6BC523817A7400F05116 /* nezha@2x.png in Resources */,
				BB9F6BC623817A7400F05116 /* nezha@3x.png in Resources */,
				BBB7BDBA241893E200347814 /* emoji_default@3x.png in Resources */,
				BBB7BDBB241893E200347814 /* emoji_default@2x.png in Resources */,
				BB9F6B892381789300F05116 /* Assets.xcassets in Resources */,
			);
			runOnlyForDeploymentPostprocessing = 0;
		};
/* End PBXResourcesBuildPhase section */

/* Begin PBXSourcesBuildPhase section */
		BB9F6B752381789100F05116 /* Sources */ = {
			isa = PBXSourcesBuildPhase;
			buildActionMask = 2147483647;
			files = (
				BBB7BDC8241893E200347814 /* QARichTextLabel.m in Sources */,
				BBB7BDC3241893E200347814 /* QAAttributedStringSizeMeasurement.m in Sources */,
				BBB7BDCB241893E200347814 /* NSString+Md5.m in Sources */,
				BBB7BDBE241893E200347814 /* QAHighlightTextManager.m in Sources */,
				BBB7BDC4241893E200347814 /* QATrapezoidalDraw.m in Sources */,
				BBB7BDB4241893E200347814 /* NSData+Md5.m in Sources */,
				BBB7BDC1241893E200347814 /* QATextLayout.m in Sources */,
				BBB7BDC6241893E200347814 /* QATrapezoidalLayer.m in Sources */,
				BBB7BDCD241893E200347814 /* QAImageFormat.m in Sources */,
				BBB7BDCC241893E200347814 /* QAFastImageDiskCache.m in Sources */,
				BBB7BDB5241893E200347814 /* NSString+Md5.m in Sources */,
				BBB7BDCE241893E200347814 /* QAImageCachePath.m in Sources */,
				BB094F74240920C4000CFE60 /* RichTextViewController.m in Sources */,
				BBB7BDC5241893E200347814 /* QATrapezoidalLabel.m in Sources */,
				BB094F7724092172000CFE60 /* TrapezoidalTextViewController.m in Sources */,
				BB9F6B7E2381789100F05116 /* AppDelegate.m in Sources */,
				BBB7BDBF241893E200347814 /* QAEmojiTextManager.m in Sources */,
				BBB7BDC9241893E200347814 /* QARichTextDraw.m in Sources */,
				BBB7BDB8241893E200347814 /* UIImage+DecodeImage.m in Sources */,
				BBB7BDB6241893E200347814 /* UIImage+QACutImage.m in Sources */,
				BBB7BDB2241893E200347814 /* QATextRunDelegate.m in Sources */,
				BBB7BDC7241893E200347814 /* QARichTextLayer.m in Sources */,
				BBB7BDBC241893E200347814 /* QAAttributedLabel.m in Sources */,
				BBB7BDC0241893E200347814 /* QABackgroundDraw.m in Sources */,
				BBB7BDB7241893E200347814 /* NSString+QAReplace.m in Sources */,
				BBB7BDB3241893E200347814 /* QAAttributedLayer.m in Sources */,
				BBB7BDBD241893E200347814 /* QATextDraw.m in Sources */,
				BB9F6B8F2381789300F05116 /* main.m in Sources */,
				BBB7BDCF241893E200347814 /* QAImageFileManager.m in Sources */,
				BB9F6B972381793900F05116 /* RootViewController.m in Sources */,
				BBB7BDC2241893E200347814 /* QATextTransaction.m in Sources */,
				BBB7BDCA241893E200347814 /* NSData+Md5.m in Sources */,
				BBB7BDB9241893E200347814 /* NSMutableAttributedString+QAAttributedString.m in Sources */,
			);
			runOnlyForDeploymentPostprocessing = 0;
		};
/* End PBXSourcesBuildPhase section */

/* Begin XCBuildConfiguration section */
		BB9F6B902381789300F05116 /* Debug */ = {
			isa = XCBuildConfiguration;
			buildSettings = {
				ALWAYS_SEARCH_USER_PATHS = NO;
				CLANG_ANALYZER_NONNULL = YES;
				CLANG_ANALYZER_NUMBER_OBJECT_CONVERSION = YES_AGGRESSIVE;
				CLANG_CXX_LANGUAGE_STANDARD = "gnu++14";
				CLANG_CXX_LIBRARY = "libc++";
				CLANG_ENABLE_MODULES = YES;
				CLANG_ENABLE_OBJC_ARC = YES;
				CLANG_ENABLE_OBJC_WEAK = YES;
				CLANG_WARN_BLOCK_CAPTURE_AUTORELEASING = YES;
				CLANG_WARN_BOOL_CONVERSION = YES;
				CLANG_WARN_COMMA = YES;
				CLANG_WARN_CONSTANT_CONVERSION = YES;
				CLANG_WARN_DEPRECATED_OBJC_IMPLEMENTATIONS = YES;
				CLANG_WARN_DIRECT_OBJC_ISA_USAGE = YES_ERROR;
				CLANG_WARN_DOCUMENTATION_COMMENTS = YES;
				CLANG_WARN_EMPTY_BODY = YES;
				CLANG_WARN_ENUM_CONVERSION = YES;
				CLANG_WARN_INFINITE_RECURSION = YES;
				CLANG_WARN_INT_CONVERSION = YES;
				CLANG_WARN_NON_LITERAL_NULL_CONVERSION = YES;
				CLANG_WARN_OBJC_IMPLICIT_RETAIN_SELF = YES;
				CLANG_WARN_OBJC_LITERAL_CONVERSION = YES;
				CLANG_WARN_OBJC_ROOT_CLASS = YES_ERROR;
				CLANG_WARN_RANGE_LOOP_ANALYSIS = YES;
				CLANG_WARN_STRICT_PROTOTYPES = YES;
				CLANG_WARN_SUSPICIOUS_MOVE = YES;
				CLANG_WARN_UNGUARDED_AVAILABILITY = YES_AGGRESSIVE;
				CLANG_WARN_UNREACHABLE_CODE = YES;
				CLANG_WARN__DUPLICATE_METHOD_MATCH = YES;
				COPY_PHASE_STRIP = NO;
				DEBUG_INFORMATION_FORMAT = dwarf;
				ENABLE_STRICT_OBJC_MSGSEND = YES;
				ENABLE_TESTABILITY = YES;
				GCC_C_LANGUAGE_STANDARD = gnu11;
				GCC_DYNAMIC_NO_PIC = NO;
				GCC_NO_COMMON_BLOCKS = YES;
				GCC_OPTIMIZATION_LEVEL = 0;
				GCC_PREPROCESSOR_DEFINITIONS = (
					"DEBUG=1",
					"$(inherited)",
				);
				GCC_WARN_64_TO_32_BIT_CONVERSION = YES;
				GCC_WARN_ABOUT_RETURN_TYPE = YES_ERROR;
				GCC_WARN_UNDECLARED_SELECTOR = YES;
				GCC_WARN_UNINITIALIZED_AUTOS = YES_AGGRESSIVE;
				GCC_WARN_UNUSED_FUNCTION = YES;
				GCC_WARN_UNUSED_VARIABLE = YES;
				IPHONEOS_DEPLOYMENT_TARGET = 13.2;
				MTL_ENABLE_DEBUG_INFO = INCLUDE_SOURCE;
				MTL_FAST_MATH = YES;
				ONLY_ACTIVE_ARCH = YES;
				SDKROOT = iphoneos;
			};
			name = Debug;
		};
		BB9F6B912381789300F05116 /* Release */ = {
			isa = XCBuildConfiguration;
			buildSettings = {
				ALWAYS_SEARCH_USER_PATHS = NO;
				CLANG_ANALYZER_NONNULL = YES;
				CLANG_ANALYZER_NUMBER_OBJECT_CONVERSION = YES_AGGRESSIVE;
				CLANG_CXX_LANGUAGE_STANDARD = "gnu++14";
				CLANG_CXX_LIBRARY = "libc++";
				CLANG_ENABLE_MODULES = YES;
				CLANG_ENABLE_OBJC_ARC = YES;
				CLANG_ENABLE_OBJC_WEAK = YES;
				CLANG_WARN_BLOCK_CAPTURE_AUTORELEASING = YES;
				CLANG_WARN_BOOL_CONVERSION = YES;
				CLANG_WARN_COMMA = YES;
				CLANG_WARN_CONSTANT_CONVERSION = YES;
				CLANG_WARN_DEPRECATED_OBJC_IMPLEMENTATIONS = YES;
				CLANG_WARN_DIRECT_OBJC_ISA_USAGE = YES_ERROR;
				CLANG_WARN_DOCUMENTATION_COMMENTS = YES;
				CLANG_WARN_EMPTY_BODY = YES;
				CLANG_WARN_ENUM_CONVERSION = YES;
				CLANG_WARN_INFINITE_RECURSION = YES;
				CLANG_WARN_INT_CONVERSION = YES;
				CLANG_WARN_NON_LITERAL_NULL_CONVERSION = YES;
				CLANG_WARN_OBJC_IMPLICIT_RETAIN_SELF = YES;
				CLANG_WARN_OBJC_LITERAL_CONVERSION = YES;
				CLANG_WARN_OBJC_ROOT_CLASS = YES_ERROR;
				CLANG_WARN_RANGE_LOOP_ANALYSIS = YES;
				CLANG_WARN_STRICT_PROTOTYPES = YES;
				CLANG_WARN_SUSPICIOUS_MOVE = YES;
				CLANG_WARN_UNGUARDED_AVAILABILITY = YES_AGGRESSIVE;
				CLANG_WARN_UNREACHABLE_CODE = YES;
				CLANG_WARN__DUPLICATE_METHOD_MATCH = YES;
				COPY_PHASE_STRIP = NO;
				DEBUG_INFORMATION_FORMAT = "dwarf-with-dsym";
				ENABLE_NS_ASSERTIONS = NO;
				ENABLE_STRICT_OBJC_MSGSEND = YES;
				GCC_C_LANGUAGE_STANDARD = gnu11;
				GCC_NO_COMMON_BLOCKS = YES;
				GCC_WARN_64_TO_32_BIT_CONVERSION = YES;
				GCC_WARN_ABOUT_RETURN_TYPE = YES_ERROR;
				GCC_WARN_UNDECLARED_SELECTOR = YES;
				GCC_WARN_UNINITIALIZED_AUTOS = YES_AGGRESSIVE;
				GCC_WARN_UNUSED_FUNCTION = YES;
				GCC_WARN_UNUSED_VARIABLE = YES;
				IPHONEOS_DEPLOYMENT_TARGET = 13.2;
				MTL_ENABLE_DEBUG_INFO = NO;
				MTL_FAST_MATH = YES;
				SDKROOT = iphoneos;
				VALIDATE_PRODUCT = YES;
			};
			name = Release;
		};
		BB9F6B932381789300F05116 /* Debug */ = {
			isa = XCBuildConfiguration;
			buildSettings = {
				ASSETCATALOG_COMPILER_APPICON_NAME = AppIcon;
				ASSETCATALOG_COMPILER_LAUNCHIMAGE_NAME = LaunchImage;
				CODE_SIGN_STYLE = Automatic;
				DEVELOPMENT_TEAM = D9YF9J5KM6;
				INFOPLIST_FILE = CoreText/Info.plist;
				LD_RUNPATH_SEARCH_PATHS = (
					"$(inherited)",
					"@executable_path/Frameworks",
				);
				PRODUCT_BUNDLE_IDENTIFIER = Avery.CoreText;
				PRODUCT_NAME = "$(TARGET_NAME)";
				TARGETED_DEVICE_FAMILY = 1;
			};
			name = Debug;
		};
		BB9F6B942381789300F05116 /* Release */ = {
			isa = XCBuildConfiguration;
			buildSettings = {
				ASSETCATALOG_COMPILER_APPICON_NAME = AppIcon;
				ASSETCATALOG_COMPILER_LAUNCHIMAGE_NAME = LaunchImage;
				CODE_SIGN_STYLE = Automatic;
				DEVELOPMENT_TEAM = D9YF9J5KM6;
				INFOPLIST_FILE = CoreText/Info.plist;
				LD_RUNPATH_SEARCH_PATHS = (
					"$(inherited)",
					"@executable_path/Frameworks",
				);
				PRODUCT_BUNDLE_IDENTIFIER = Avery.CoreText;
				PRODUCT_NAME = "$(TARGET_NAME)";
				TARGETED_DEVICE_FAMILY = 1;
			};
			name = Release;
		};
/* End XCBuildConfiguration section */

/* Begin XCConfigurationList section */
		BB9F6B742381789100F05116 /* Build configuration list for PBXProject "CoreText" */ = {
			isa = XCConfigurationList;
			buildConfigurations = (
				BB9F6B902381789300F05116 /* Debug */,
				BB9F6B912381789300F05116 /* Release */,
			);
			defaultConfigurationIsVisible = 0;
			defaultConfigurationName = Release;
		};
		BB9F6B922381789300F05116 /* Build configuration list for PBXNativeTarget "CoreText" */ = {
			isa = XCConfigurationList;
			buildConfigurations = (
				BB9F6B932381789300F05116 /* Debug */,
				BB9F6B942381789300F05116 /* Release */,
			);
			defaultConfigurationIsVisible = 0;
			defaultConfigurationName = Release;
		};
/* End XCConfigurationList section */
	};
	rootObject = BB9F6B712381789100F05116 /* Project object */;
}
